// !$*UTF8*$!
{
	archiveVersion = 1;
	classes = {
	};
	objectVersion = 46;
	objects = {

/* Begin PBXBuildFile section */
		FA6FB0761A8625D7003AFB68 /* main.m in Sources */ = {isa = PBXBuildFile; fileRef = FA6FB0751A8625D7003AFB68 /* main.m */; };
		FA6FB0791A8625D7003AFB68 /* AppDelegate.m in Sources */ = {isa = PBXBuildFile; fileRef = FA6FB0781A8625D7003AFB68 /* AppDelegate.m */; };
		FA6FB07C1A8625D7003AFB68 /* ViewController.m in Sources */ = {isa = PBXBuildFile; fileRef = FA6FB07B1A8625D7003AFB68 /* ViewController.m */; };
		FA6FB07F1A8625D7003AFB68 /* Main.storyboard in Resources */ = {isa = PBXBuildFile; fileRef = FA6FB07D1A8625D7003AFB68 /* Main.storyboard */; };
		FA6FB0811A8625D7003AFB68 /* Images.xcassets in Resources */ = {isa = PBXBuildFile; fileRef = FA6FB0801A8625D7003AFB68 /* Images.xcassets */; };
		FA6FB0841A8625D7003AFB68 /* LaunchScreen.xib in Resources */ = {isa = PBXBuildFile; fileRef = FA6FB0821A8625D7003AFB68 /* LaunchScreen.xib */; };
		FA6FB0901A8625D7003AFB68 /* StoryBoardTestTests.m in Sources */ = {isa = PBXBuildFile; fileRef = FA6FB08F1A8625D7003AFB68 /* StoryBoardTestTests.m */; };
		FA7788861A8B6EE300E25E60 /* SecondViewController.m in Sources */ = {isa = PBXBuildFile; fileRef = FA7788851A8B6EE300E25E60 /* SecondViewController.m */; };
/* End PBXBuildFile section */

/* Begin PBXContainerItemProxy section */
		FA6FB08A1A8625D7003AFB68 /* PBXContainerItemProxy */ = {
			isa = PBXContainerItemProxy;
			containerPortal = FA6FB0681A8625D7003AFB68 /* Project object */;
			proxyType = 1;
			remoteGlobalIDString = FA6FB06F1A8625D7003AFB68;
			remoteInfo = StoryBoardTest;
		};
/* End PBXContainerItemProxy section */

/* Begin PBXFileReference section */
		FA6FB0701A8625D7003AFB68 /* StoryBoardTest.app */ = {isa = PBXFileReference; explicitFileType = wrapper.application; includeInIndex = 0; path = StoryBoardTest.app; sourceTree = BUILT_PRODUCTS_DIR; };
		FA6FB0741A8625D7003AFB68 /* Info.plist */ = {isa = PBXFileReference; lastKnownFileType = text.plist.xml; path = Info.plist; sourceTree = "<group>"; };
		FA6FB0751A8625D7003AFB68 /* main.m */ = {isa = PBXFileReference; lastKnownFileType = sourcecode.c.objc; path = main.m; sourceTree = "<group>"; };
		FA6FB0771A8625D7003AFB68 /* AppDelegate.h */ = {isa = PBXFileReference; lastKnownFileType = sourcecode.c.h; path = AppDelegate.h; sourceTree = "<group>"; };
		FA6FB0781A8625D7003AFB68 /* AppDelegate.m */ = {isa = PBXFileReference; lastKnownFileType = sourcecode.c.objc; path = AppDelegate.m; sourceTree = "<group>"; };
		FA6FB07A1A8625D7003AFB68 /* ViewController.h */ = {isa = PBXFileReference; lastKnownFileType = sourcecode.c.h; path = ViewController.h; sourceTree = "<group>"; };
		FA6FB07B1A8625D7003AFB68 /* ViewController.m */ = {isa = PBXFileReference; lastKnownFileType = sourcecode.c.objc; path = ViewController.m; sourceTree = "<group>"; };
		FA6FB07E1A8625D7003AFB68 /* Base */ = {isa = PBXFileReference; lastKnownFileType = file.storyboard; name = Base; path = Base.lproj/Main.storyboard; sourceTree = "<group>"; };
		FA6FB0801A8625D7003AFB68 /* Images.xcassets */ = {isa = PBXFileReference; lastKnownFileType = folder.assetcatalog; path = Images.xcassets; sourceTree = "<group>"; };
		FA6FB0831A8625D7003AFB68 /* Base */ = {isa = PBXFileReference; lastKnownFileType = file.xib; name = Base; path = Base.lproj/LaunchScreen.xib; sourceTree = "<group>"; };
		FA6FB0891A8625D7003AFB68 /* StoryBoardTestTests.xctest */ = {isa = PBXFileReference; explicitFileType = wrapper.cfbundle; includeInIndex = 0; path = StoryBoardTestTests.xctest; sourceTree = BUILT_PRODUCTS_DIR; };
		FA6FB08E1A8625D7003AFB68 /* Info.plist */ = {isa = PBXFileReference; lastKnownFileType = text.plist.xml; path = Info.plist; sourceTree = "<group>"; };
		FA6FB08F1A8625D7003AFB68 /* StoryBoardTestTests.m */ = {isa = PBXFileReference; lastKnownFileType = sourcecode.c.objc; path = StoryBoardTestTests.m; sourceTree = "<group>"; };
		FA7788841A8B6EE300E25E60 /* SecondViewController.h */ = {isa = PBXFileReference; fileEncoding = 4; lastKnownFileType = sourcecode.c.h; path = SecondViewController.h; sourceTree = "<group>"; };
		FA7788851A8B6EE300E25E60 /* SecondViewController.m */ = {isa = PBXFileReference; fileEncoding = 4; lastKnownFileType = sourcecode.c.objc; path = SecondViewController.m; sourceTree = "<group>"; };
/* End PBXFileReference section */

/* Begin PBXFrameworksBuildPhase section */
		FA6FB06D1A8625D7003AFB68 /* Frameworks */ = {
			isa = PBXFrameworksBuildPhase;
			buildActionMask = 2147483647;
			files = (
			);
			runOnlyForDeploymentPostprocessing = 0;
		};
		FA6FB0861A8625D7003AFB68 /* Frameworks */ = {
			isa = PBXFrameworksBuildPhase;
			buildActionMask = 2147483647;
			files = (
			);
			runOnlyForDeploymentPostprocessing = 0;
		};
/* End PBXFrameworksBuildPhase section */

/* Begin PBXGroup section */
		FA6FB0671A8625D7003AFB68 = {
			isa = PBXGroup;
			children = (
				FA6FB0721A8625D7003AFB68 /* StoryBoardTest */,
				FA6FB08C1A8625D7003AFB68 /* StoryBoardTestTests */,
				FA6FB0711A8625D7003AFB68 /* Products */,
			);
			sourceTree = "<group>";
		};
		FA6FB0711A8625D7003AFB68 /* Products */ = {
			isa = PBXGroup;
			children = (
				FA6FB0701A8625D7003AFB68 /* StoryBoardTest.app */,
				FA6FB0891A8625D7003AFB68 /* StoryBoardTestTests.xctest */,
			);
			name = Products;
			sourceTree = "<group>";
		};
		FA6FB0721A8625D7003AFB68 /* StoryBoardTest */ = {
			isa = PBXGroup;
			children = (
				FA6FB0771A8625D7003AFB68 /* AppDelegate.h */,
				FA6FB0781A8625D7003AFB68 /* AppDelegate.m */,
				FA6FB07A1A8625D7003AFB68 /* ViewController.h */,
				FA6FB07B1A8625D7003AFB68 /* ViewController.m */,
				FA7788841A8B6EE300E25E60 /* SecondViewController.h */,
				FA7788851A8B6EE300E25E60 /* SecondViewController.m */,
				FA6FB07D1A8625D7003AFB68 /* Main.storyboard */,
				FA6FB0801A8625D7003AFB68 /* Images.xcassets */,
				FA6FB0821A8625D7003AFB68 /* LaunchScreen.xib */,
				FA6FB0731A8625D7003AFB68 /* Supporting Files */,
			);
			path = StoryBoardTest;
			sourceTree = "<group>";
		};
		FA6FB0731A8625D7003AFB68 /* Supporting Files */ = {
			isa = PBXGroup;
			children = (
				FA6FB0741A8625D7003AFB68 /* Info.plist */,
				FA6FB0751A8625D7003AFB68 /* main.m */,
			);
			name = "Supporting Files";
			sourceTree = "<group>";
		};
		FA6FB08C1A8625D7003AFB68 /* StoryBoardTestTests */ = {
			isa = PBXGroup;
			children = (
				FA6FB08F1A8625D7003AFB68 /* StoryBoardTestTests.m */,
				FA6FB08D1A8625D7003AFB68 /* Supporting Files */,
			);
			path = StoryBoardTestTests;
			sourceTree = "<group>";
		};
		FA6FB08D1A8625D7003AFB68 /* Supporting Files */ = {
			isa = PBXGroup;
			children = (
				FA6FB08E1A8625D7003AFB68 /* Info.plist */,
			);
			name = "Supporting Files";
			sourceTree = "<group>";
		};
/* End PBXGroup section */

/* Begin PBXNativeTarget section */
		FA6FB06F1A8625D7003AFB68 /* StoryBoardTest */ = {
			isa = PBXNativeTarget;
			buildConfigurationList = FA6FB0931A8625D7003AFB68 /* Build configuration list for PBXNativeTarget "StoryBoardTest" */;
			buildPhases = (
				FA6FB06C1A8625D7003AFB68 /* Sources */,
				FA6FB06D1A8625D7003AFB68 /* Frameworks */,
				FA6FB06E1A8625D7003AFB68 /* Resources */,
			);
			buildRules = (
			);
			dependencies = (
			);
			name = StoryBoardTest;
			productName = StoryBoardTest;
			productReference = FA6FB0701A8625D7003AFB68 /* StoryBoardTest.app */;
			productType = "com.apple.product-type.application";
		};
		FA6FB0881A8625D7003AFB68 /* StoryBoardTestTests */ = {
			isa = PBXNativeTarget;
			buildConfigurationList = FA6FB0961A8625D7003AFB68 /* Build configuration list for PBXNativeTarget "StoryBoardTestTests" */;
			buildPhases = (
				FA6FB0851A8625D7003AFB68 /* Sources */,
				FA6FB0861A8625D7003AFB68 /* Frameworks */,
				FA6FB0871A8625D7003AFB68 /* Resources */,
			);
			buildRules = (
			);
			dependencies = (
				FA6FB08B1A8625D7003AFB68 /* PBXTargetDependency */,
			);
			name = StoryBoardTestTests;
			productName = StoryBoardTestTests;
			productReference = FA6FB0891A8625D7003AFB68 /* StoryBoardTestTests.xctest */;
			productType = "com.apple.product-type.bundle.unit-test";
		};
/* End PBXNativeTarget section */

/* Begin PBXProject section */
		FA6FB0681A8625D7003AFB68 /* Project object */ = {
			isa = PBXProject;
			attributes = {
				LastUpgradeCheck = 0610;
				ORGANIZATIONNAME = "MACBOOK-MUM";
				TargetAttributes = {
					FA6FB06F1A8625D7003AFB68 = {
						CreatedOnToolsVersion = 6.1;
					};
					FA6FB0881A8625D7003AFB68 = {
						CreatedOnToolsVersion = 6.1;
						TestTargetID = FA6FB06F1A8625D7003AFB68;
					};
				};
			};
			buildConfigurationList = FA6FB06B1A8625D7003AFB68 /* Build configuration list for PBXProject "StoryBoardTest" */;
			compatibilityVersion = "Xcode 3.2";
			developmentRegion = English;
			hasScannedForEncodings = 0;
			knownRegions = (
				en,
				Base,
			);
			mainGroup = FA6FB0671A8625D7003AFB68;
			productRefGroup = FA6FB0711A8625D7003AFB68 /* Products */;
			projectDirPath = "";
			projectRoot = "";
			targets = (
				FA6FB06F1A8625D7003AFB68 /* StoryBoardTest */,
				FA6FB0881A8625D7003AFB68 /* StoryBoardTestTests */,
			);
		};
/* End PBXProject section */

/* Begin PBXResourcesBuildPhase section */
		FA6FB06E1A8625D7003AFB68 /* Resources */ = {
			isa = PBXResourcesBuildPhase;
			buildActionMask = 2147483647;
			files = (
				FA6FB07F1A8625D7003AFB68 /* Main.storyboard in Resources */,
				FA6FB0841A8625D7003AFB68 /* LaunchScreen.xib in Resources */,
				FA6FB0811A8625D7003AFB68 /* Images.xcassets in Resources */,
			);
			runOnlyForDeploymentPostprocessing = 0;
		};
		FA6FB0871A8625D7003AFB68 /* Resources */ = {
			isa = PBXResourcesBuildPhase;
			buildActionMask = 2147483647;
			files = (
			);
			runOnlyForDeploymentPostprocessing = 0;
		};
/* End PBXResourcesBuildPhase section */

/* Begin PBXSourcesBuildPhase section */
		FA6FB06C1A8625D7003AFB68 /* Sources */ = {
			isa = PBXSourcesBuildPhase;
			buildActionMask = 2147483647;
			files = (
				FA7788861A8B6EE300E25E60 /* SecondViewController.m in Sources */,
				FA6FB07C1A8625D7003AFB68 /* ViewController.m in Sources */,
				FA6FB0791A8625D7003AFB68 /* AppDelegate.m in Sources */,
				FA6FB0761A8625D7003AFB68 /* main.m in Sources */,
			);
			runOnlyForDeploymentPostprocessing = 0;
		};
		FA6FB0851A8625D7003AFB68 /* Sources */ = {
			isa = PBXSourcesBuildPhase;
			buildActionMask = 2147483647;
			files = (
				FA6FB0901A8625D7003AFB68 /* StoryBoardTestTests.m in Sources */,
			);
			runOnlyForDeploymentPostprocessing = 0;
		};
/* End PBXSourcesBuildPhase section */

/* Begin PBXTargetDependency section */
		FA6FB08B1A8625D7003AFB68 /* PBXTargetDependency */ = {
			isa = PBXTargetDependency;
			target = FA6FB06F1A8625D7003AFB68 /* StoryBoardTest */;
			targetProxy = FA6FB08A1A8625D7003AFB68 /* PBXContainerItemProxy */;
		};
/* End PBXTargetDependency section */

/* Begin PBXVariantGroup section */
		FA6FB07D1A8625D7003AFB68 /* Main.storyboard */ = {
			isa = PBXVariantGroup;
			children = (
				FA6FB07E1A8625D7003AFB68 /* Base */,
			);
			name = Main.storyboard;
			sourceTree = "<group>";
		};
		FA6FB0821A8625D7003AFB68 /* LaunchScreen.xib */ = {
			isa = PBXVariantGroup;
			children = (
				FA6FB0831A8625D7003AFB68 /* Base */,
			);
			name = LaunchScreen.xib;
			sourceTree = "<group>";
		};
/* End PBXVariantGroup section */

/* Begin XCBuildConfiguration section */
		FA6FB0911A8625D7003AFB68 /* Debug */ = {
			isa = XCBuildConfiguration;
			buildSettings = {
				ALWAYS_SEARCH_USER_PATHS = NO;
				CLANG_CXX_LANGUAGE_STANDARD = "gnu++0x";
				CLANG_CXX_LIBRARY = "libc++";
				CLANG_ENABLE_MODULES = YES;
				CLANG_ENABLE_OBJC_ARC = YES;
				CLANG_WARN_BOOL_CONVERSION = YES;
				CLANG_WARN_CONSTANT_CONVERSION = YES;
				CLANG_WARN_DIRECT_OBJC_ISA_USAGE = YES_ERROR;
				CLANG_WARN_EMPTY_BODY = YES;
				CLANG_WARN_ENUM_CONVERSION = YES;
				CLANG_WARN_INT_CONVERSION = YES;
				CLANG_WARN_OBJC_ROOT_CLASS = YES_ERROR;
				CLANG_WARN_UNREACHABLE_CODE = YES;
				CLANG_WARN__DUPLICATE_METHOD_MATCH = YES;
				"CODE_SIGN_IDENTITY[sdk=iphoneos*]" = "iPhone Developer";
				COPY_PHASE_STRIP = NO;
				ENABLE_STRICT_OBJC_MSGSEND = YES;
				GCC_C_LANGUAGE_STANDARD = gnu99;
				GCC_DYNAMIC_NO_PIC = NO;
				GCC_OPTIMIZATION_LEVEL = 0;
				GCC_PREPROCESSOR_DEFINITIONS = (
					"DEBUG=1",
					"$(inherited)",
				);
				GCC_SYMBOLS_PRIVATE_EXTERN = NO;
				GCC_WARN_64_TO_32_BIT_CONVERSION = YES;
				GCC_WARN_ABOUT_RETURN_TYPE = YES_ERROR;
				GCC_WARN_UNDECLARED_SELECTOR = YES;
				GCC_WARN_UNINITIALIZED_AUTOS = YES_AGGRESSIVE;
				GCC_WARN_UNUSED_FUNCTION = YES;
				GCC_WARN_UNUSED_VARIABLE = YES;
				IPHONEOS_DEPLOYMENT_TARGET = 8.1;
				MTL_ENABLE_DEBUG_INFO = YES;
				ONLY_ACTIVE_ARCH = YES;
				SDKROOT = iphoneos;
			};
			name = Debug;
		};
		FA6FB0921A8625D7003AFB68 /* Release */ = {
			isa = XCBuildConfiguration;
			buildSettings = {
				ALWAYS_SEARCH_USER_PATHS = NO;
				CLANG_CXX_LANGUAGE_STANDARD = "gnu++0x";
				CLANG_CXX_LIBRARY = "libc++";
				CLANG_ENABLE_MODULES = YES;
				CLANG_ENABLE_OBJC_ARC = YES;
				CLANG_WARN_BOOL_CONVERSION = YES;
				CLANG_WARN_CONSTANT_CONVERSION = YES;
				CLANG_WARN_DIRECT_OBJC_ISA_USAGE = YES_ERROR;
				CLANG_WARN_EMPTY_BODY = YES;
				CLANG_WARN_ENUM_CONVERSION = YES;
				CLANG_WARN_INT_CONVERSION = YES;
				CLANG_WARN_OBJC_ROOT_CLASS = YES_ERROR;
				CLANG_WARN_UNREACHABLE_CODE = YES;
				CLANG_WARN__DUPLICATE_METHOD_MATCH = YES;
				"CODE_SIGN_IDENTITY[sdk=iphoneos*]" = "iPhone Developer";
				COPY_PHASE_STRIP = YES;
				ENABLE_NS_ASSERTIONS = NO;
				ENABLE_STRICT_OBJC_MSGSEND = YES;
				GCC_C_LANGUAGE_STANDARD = gnu99;
				GCC_WARN_64_TO_32_BIT_CONVERSION = YES;
				GCC_WARN_ABOUT_RETURN_TYPE = YES_ERROR;
				GCC_WARN_UNDECLARED_SELECTOR = YES;
				GCC_WARN_UNINITIALIZED_AUTOS = YES_AGGRESSIVE;
				GCC_WARN_UNUSED_FUNCTION = YES;
				GCC_WARN_UNUSED_VARIABLE = YES;
				IPHONEOS_DEPLOYMENT_TARGET = 8.1;
				MTL_ENABLE_DEBUG_INFO = NO;
				SDKROOT = iphoneos;
				VALIDATE_PRODUCT = YES;
			};
			name = Release;
		};
		FA6FB0941A8625D7003AFB68 /* Debug */ = {
			isa = XCBuildConfiguration;
			buildSettings = {
				ASSETCATALOG_COMPILER_APPICON_NAME = AppIcon;
				ASSETCATALOG_COMPILER_LAUNCHIMAGE_NAME = LaunchImage;
				INFOPLIST_FILE = StoryBoardTest/Info.plist;
				LD_RUNPATH_SEARCH_PATHS = "$(inherited) @executable_path/Frameworks";
				PRODUCT_NAME = "$(TARGET_NAME)";
			};
			name = Debug;
		};
		FA6FB0951A8625D7003AFB68 /* Release */ = {
			isa = XCBuildConfiguration;
			buildSettings = {
				ASSETCATALOG_COMPILER_APPICON_NAME = AppIcon;
				ASSETCATALOG_COMPILER_LAUNCHIMAGE_NAME = LaunchImage;
				INFOPLIST_FILE = StoryBoardTest/Info.plist;
				LD_RUNPATH_SEARCH_PATHS = "$(inherited) @executable_path/Frameworks";
				PRODUCT_NAME = "$(TARGET_NAME)";
			};
			name = Release;
		};
		FA6FB0971A8625D7003AFB68 /* Debug */ = {
			isa = XCBuildConfiguration;
			buildSettings = {
				BUNDLE_LOADER = "$(TEST_HOST)";
				FRAMEWORK_SEARCH_PATHS = (
					"$(SDKROOT)/Developer/Library/Frameworks",
					"$(inherited)",
				);
				GCC_PREPROCESSOR_DEFINITIONS = (
					"DEBUG=1",
					"$(inherited)",
				);
				INFOPLIST_FILE = StoryBoardTestTests/Info.plist;
				LD_RUNPATH_SEARCH_PATHS = "$(inherited) @executable_path/Frameworks @loader_path/Frameworks";
				PRODUCT_NAME = "$(TARGET_NAME)";
				TEST_HOST = "$(BUILT_PRODUCTS_DIR)/StoryBoardTest.app/StoryBoardTest";
			};
			name = Debug;
		};
		FA6FB0981A8625D7003AFB68 /* Release */ = {
			isa = XCBuildConfiguration;
			buildSettings = {
				BUNDLE_LOADER = "$(TEST_HOST)";
				FRAMEWORK_SEARCH_PATHS = (
					"$(SDKROOT)/Developer/Library/Frameworks",
					"$(inherited)",
				);
				INFOPLIST_FILE = StoryBoardTestTests/Info.plist;
				LD_RUNPATH_SEARCH_PATHS = "$(inherited) @executable_path/Frameworks @loader_path/Frameworks";
				PRODUCT_NAME = "$(TARGET_NAME)";
				TEST_HOST = "$(BUILT_PRODUCTS_DIR)/StoryBoardTest.app/StoryBoardTest";
			};
			name = Release;
		};
/* End XCBuildConfiguration section */

/* Begin XCConfigurationList section */
		FA6FB06B1A8625D7003AFB68 /* Build configuration list for PBXProject "StoryBoardTest" */ = {
			isa = XCConfigurationList;
			buildConfigurations = (
				FA6FB0911A8625D7003AFB68 /* Debug */,
				FA6FB0921A8625D7003AFB68 /* Release */,
			);
			defaultConfigurationIsVisible = 0;
			defaultConfigurationName = Release;
		};
		FA6FB0931A8625D7003AFB68 /* Build configuration list for PBXNativeTarget "StoryBoardTest" */ = {
			isa = XCConfigurationList;
			buildConfigurations = (
				FA6FB0941A8625D7003AFB68 /* Debug */,
				FA6FB0951A8625D7003AFB68 /* Release */,
			);
			defaultConfigurationIsVisible = 0;
			defaultConfigurationName = Release;
		};
		FA6FB0961A8625D7003AFB68 /* Build configuration list for PBXNativeTarget "StoryBoardTestTests" */ = {
			isa = XCConfigurationList;
			buildConfigurations = (
				FA6FB0971A8625D7003AFB68 /* Debug */,
				FA6FB0981A8625D7003AFB68 /* Release */,
			);
			defaultConfigurationIsVisible = 0;
			defaultConfigurationName = Release;
		};
/* End XCConfigurationList section */
	};
	rootObject = FA6FB0681A8625D7003AFB68 /* Project object */;
}
